{
  "requires": true,
  "lockfileVersion": 1,
  "dependencies": {
    "scroll-out": {
      "version": "2.2.4",
      "resolved": "https://registry.npmjs.org/scroll-out/-/scroll-out-2.2.4.tgz",
      "integrity": "sha512-GW5L/ti/TwECG+b62YtUASSGjGOBCwkkzTF7bjKsu8UkWO4edVZ4eO7Oy7Idxuk+pzVnmWzOy8Fcpx9OSnIa8A=="
    }
  }
}
